
Microsoft Visual Studio Solution File, Format Version 12.00
# Visual Studio 14
VisualStudioVersion = 14.0.21901.1
MinimumVisualStudioVersion = 10.0.40219.1
Project("{FAE04EC0-301F-11D3-BF4B-00C04F79EFBC}") = "SandcastleToJekyll", "SandcastleToJekyll\SandcastleToJekyll.csproj", "{EDE80F0E-F069-4C94-B7C6-E816ABF06FE8}"
EndProject
Global
	GlobalSection(SolutionConfigurationPlatforms) = preSolution
		Debug|Any CPU = Debug|Any CPU
		Release|Any CPU = Release|Any CPU
	EndGlobalSection
	GlobalSection(ProjectConfigurationPlatforms) = postSolution
		{EDE80F0E-F069-4C94-B7C6-E816ABF06FE8}.Debug|Any CPU.ActiveCfg = Debug|Any CPU
		{EDE80F0E-F069-4C94-B7C6-E816ABF06FE8}.Debug|Any CPU.Build.0 = Debug|Any CPU
		{EDE80F0E-F069-4C94-B7C6-E816ABF06FE8}.Release|Any CPU.ActiveCfg = Release|Any CPU
		{EDE80F0E-F069-4C94-B7C6-E816ABF06FE8}.Release|Any CPU.Build.0 = Release|Any CPU
		{EDE80F0E-F069-4C94-B7C6-E816ABF06FE8}.Release|Any CPU.Deploy.0 = Release|Any CPU
	EndGlobalSection
	GlobalSection(SolutionProperties) = preSolution
		HideSolutionNode = FALSE
	EndGlobalSection
EndGlobal
